
Microsoft Visual Studio Solution File, Format Version 12.00
# Visual Studio Version 17
VisualStudioVersion = 17.5.33516.290
MinimumVisualStudioVersion = 10.0.40219.1
Project("{8BC9CEB8-8B4A-11D0-8D11-00A0C91BC942}") = "Ex_OOP", "Ex_OOP\Ex_OOP.vcxproj", "{8841F4E9-F663-4DD9-A3C9-DE6A3C71D819}"
EndProject
Global
	GlobalSection(SolutionConfigurationPlatforms) = preSolution
		Debug|x64 = Debug|x64
		Debug|x86 = Debug|x86
		Release|x64 = Release|x64
		Release|x86 = Release|x86
	EndGlobalSection
	GlobalSection(ProjectConfigurationPlatforms) = postSolution
		{8841F4E9-F663-4DD9-A3C9-DE6A3C71D819}.Debug|x64.ActiveCfg = Debug|x64
		{8841F4E9-F663-4DD9-A3C9-DE6A3C71D819}.Debug|x64.Build.0 = Debug|x64
		{8841F4E9-F663-4DD9-A3C9-DE6A3C71D819}.Debug|x86.ActiveCfg = Debug|Win32
		{8841F4E9-F663-4DD9-A3C9-DE6A3C71D819}.Debug|x86.Build.0 = Debug|Win32
		{8841F4E9-F663-4DD9-A3C9-DE6A3C71D819}.Release|x64.ActiveCfg = Release|x64
		{8841F4E9-F663-4DD9-A3C9-DE6A3C71D819}.Release|x64.Build.0 = Release|x64
		{8841F4E9-F663-4DD9-A3C9-DE6A3C71D819}.Release|x86.ActiveCfg = Release|Win32
		{8841F4E9-F663-4DD9-A3C9-DE6A3C71D819}.Release|x86.Build.0 = Release|Win32
	EndGlobalSection
	GlobalSection(SolutionProperties) = preSolution
		HideSolutionNode = FALSE
	EndGlobalSection
	GlobalSection(ExtensibilityGlobals) = postSolution
		SolutionGuid = {C726D6E5-1321-4EB8-B4A4-878EEB2D3CF3}
	EndGlobalSection
EndGlobal
