
Microsoft Visual Studio Solution File, Format Version 12.00
# Visual Studio Version 17
VisualStudioVersion = 17.6.33717.318
MinimumVisualStudioVersion = 10.0.40219.1
Project("{8BC9CEB8-8B4A-11D0-8D11-00A0C91BC942}") = "OOP_13", "OOP_13\OOP_13.vcxproj", "{DB96DE5C-3657-4D49-ABC6-6943F03EECB8}"
EndProject
Global
	GlobalSection(SolutionConfigurationPlatforms) = preSolution
		Debug|x64 = Debug|x64
		Debug|x86 = Debug|x86
		Release|x64 = Release|x64
		Release|x86 = Release|x86
	EndGlobalSection
	GlobalSection(ProjectConfigurationPlatforms) = postSolution
		{DB96DE5C-3657-4D49-ABC6-6943F03EECB8}.Debug|x64.ActiveCfg = Debug|x64
		{DB96DE5C-3657-4D49-ABC6-6943F03EECB8}.Debug|x64.Build.0 = Debug|x64
		{DB96DE5C-3657-4D49-ABC6-6943F03EECB8}.Debug|x86.ActiveCfg = Debug|Win32
		{DB96DE5C-3657-4D49-ABC6-6943F03EECB8}.Debug|x86.Build.0 = Debug|Win32
		{DB96DE5C-3657-4D49-ABC6-6943F03EECB8}.Release|x64.ActiveCfg = Release|x64
		{DB96DE5C-3657-4D49-ABC6-6943F03EECB8}.Release|x64.Build.0 = Release|x64
		{DB96DE5C-3657-4D49-ABC6-6943F03EECB8}.Release|x86.ActiveCfg = Release|Win32
		{DB96DE5C-3657-4D49-ABC6-6943F03EECB8}.Release|x86.Build.0 = Release|Win32
	EndGlobalSection
	GlobalSection(SolutionProperties) = preSolution
		HideSolutionNode = FALSE
	EndGlobalSection
	GlobalSection(ExtensibilityGlobals) = postSolution
		SolutionGuid = {C3FA28A2-5A57-496D-AE28-935716C57DEE}
	EndGlobalSection
EndGlobal
